
Microsoft Visual Studio Solution File, Format Version 12.00
# Visual Studio 15
VisualStudioVersion = 15.0.28307.329
MinimumVisualStudioVersion = 10.0.40219.1
Project("{FAE04EC0-301F-11D3-BF4B-00C04F79EFBC}") = "Orim", "Orim\Orim.csproj", "{0320F441-84D2-42AF-9B70-F3F35C761F87}"
EndProject
Global
	GlobalSection(SolutionConfigurationPlatforms) = preSolution
		Debug|Any CPU = Debug|Any CPU
		Release|Any CPU = Release|Any CPU
	EndGlobalSection
	GlobalSection(ProjectConfigurationPlatforms) = postSolution
		{0320F441-84D2-42AF-9B70-F3F35C761F87}.Debug|Any CPU.ActiveCfg = Debug|Any CPU
		{0320F441-84D2-42AF-9B70-F3F35C761F87}.Debug|Any CPU.Build.0 = Debug|Any CPU
		{0320F441-84D2-42AF-9B70-F3F35C761F87}.Release|Any CPU.ActiveCfg = Release|Any CPU
		{0320F441-84D2-42AF-9B70-F3F35C761F87}.Release|Any CPU.Build.0 = Release|Any CPU
	EndGlobalSection
	GlobalSection(SolutionProperties) = preSolution
		HideSolutionNode = FALSE
	EndGlobalSection
	GlobalSection(ExtensibilityGlobals) = postSolution
		SolutionGuid = {1623DC10-66D6-4D3C-8E30-3C63BD68C336}
	EndGlobalSection
EndGlobal
